
Microsoft Visual Studio Solution File, Format Version 12.00
# Visual Studio Version 16
VisualStudioVersion = 16.0.30002.166
MinimumVisualStudioVersion = 10.0.40219.1
Project("{FAE04EC0-301F-11D3-BF4B-00C04F79EFBC}") = "ConsoleAppOOP", "ConsoleAppOOP\ConsoleAppOOP.csproj", "{4492EB5E-51ED-45C3-8BAD-E86A7165582C}"
EndProject
Global
	GlobalSection(SolutionConfigurationPlatforms) = preSolution
		Debug|Any CPU = Debug|Any CPU
		Release|Any CPU = Release|Any CPU
	EndGlobalSection
	GlobalSection(ProjectConfigurationPlatforms) = postSolution
		{4492EB5E-51ED-45C3-8BAD-E86A7165582C}.Debug|Any CPU.ActiveCfg = Debug|Any CPU
		{4492EB5E-51ED-45C3-8BAD-E86A7165582C}.Debug|Any CPU.Build.0 = Debug|Any CPU
		{4492EB5E-51ED-45C3-8BAD-E86A7165582C}.Release|Any CPU.ActiveCfg = Release|Any CPU
		{4492EB5E-51ED-45C3-8BAD-E86A7165582C}.Release|Any CPU.Build.0 = Release|Any CPU
	EndGlobalSection
	GlobalSection(SolutionProperties) = preSolution
		HideSolutionNode = FALSE
	EndGlobalSection
	GlobalSection(ExtensibilityGlobals) = postSolution
		SolutionGuid = {D3B2EFD7-F384-4752-99CD-D171D807F693}
	EndGlobalSection
EndGlobal
